
Microsoft Visual Studio Solution File, Format Version 10.00
# Visual Studio 2008
Project("{FAE04EC0-301F-11D3-BF4B-00C04F79EFBC}") = "SerialPortCommander", "SerialPortCommander\SerialPortCommander.csproj", "{13018BA4-D7B4-4BD8-8625-59114A143031}"
EndProject
Project("{FAE04EC0-301F-11D3-BF4B-00C04F79EFBC}") = "GBS.IO", "GBS.IO\GBS.IO.csproj", "{4E59A5E7-2423-49D2-9D0A-C5F16CC2622D}"
EndProject
Project("{2150E333-8FDC-42A3-9474-1A3956D46DE8}") = "Libraries", "Libraries", "{9F3B060B-8D45-4A9E-B8A8-7F5CC554BF63}"
	ProjectSection(SolutionItems) = preProject
		Libraries\log4net.dll = Libraries\log4net.dll
	EndProjectSection
EndProject
Project("{FAE04EC0-301F-11D3-BF4B-00C04F79EFBC}") = "GBS.IO.Test", "GBS.IO.Test\GBS.IO.Test.csproj", "{E1DCAF8C-0F03-4B1F-B6C0-8ED7B767CEA4}"
EndProject
Project("{2150E333-8FDC-42A3-9474-1A3956D46DE8}") = "Solution Items", "Solution Items", "{3D9BF302-0B07-4869-ABF8-4EB0D1E1CEF4}"
	ProjectSection(SolutionItems) = preProject
		SerialPortCommander.vsmdi = SerialPortCommander.vsmdi
		TestRunConfig.testrunconfig = TestRunConfig.testrunconfig
	EndProjectSection
EndProject
Global
	GlobalSection(TestCaseManagementSettings) = postSolution
		CategoryFile = SerialPortCommander.vsmdi
	EndGlobalSection
	GlobalSection(SolutionConfigurationPlatforms) = preSolution
		Debug|Any CPU = Debug|Any CPU
		Debug|Mixed Platforms = Debug|Mixed Platforms
		Debug|x86 = Debug|x86
		Release|Any CPU = Release|Any CPU
		Release|Mixed Platforms = Release|Mixed Platforms
		Release|x86 = Release|x86
	EndGlobalSection
	GlobalSection(ProjectConfigurationPlatforms) = postSolution
		{13018BA4-D7B4-4BD8-8625-59114A143031}.Debug|Any CPU.ActiveCfg = Debug|x86
		{13018BA4-D7B4-4BD8-8625-59114A143031}.Debug|Mixed Platforms.ActiveCfg = Debug|x86
		{13018BA4-D7B4-4BD8-8625-59114A143031}.Debug|Mixed Platforms.Build.0 = Debug|x86
		{13018BA4-D7B4-4BD8-8625-59114A143031}.Debug|x86.ActiveCfg = Debug|x86
		{13018BA4-D7B4-4BD8-8625-59114A143031}.Debug|x86.Build.0 = Debug|x86
		{13018BA4-D7B4-4BD8-8625-59114A143031}.Release|Any CPU.ActiveCfg = Release|x86
		{13018BA4-D7B4-4BD8-8625-59114A143031}.Release|Mixed Platforms.ActiveCfg = Release|x86
		{13018BA4-D7B4-4BD8-8625-59114A143031}.Release|Mixed Platforms.Build.0 = Release|x86
		{13018BA4-D7B4-4BD8-8625-59114A143031}.Release|x86.ActiveCfg = Release|x86
		{13018BA4-D7B4-4BD8-8625-59114A143031}.Release|x86.Build.0 = Release|x86
		{4E59A5E7-2423-49D2-9D0A-C5F16CC2622D}.Debug|Any CPU.ActiveCfg = Debug|Any CPU
		{4E59A5E7-2423-49D2-9D0A-C5F16CC2622D}.Debug|Any CPU.Build.0 = Debug|Any CPU
		{4E59A5E7-2423-49D2-9D0A-C5F16CC2622D}.Debug|Mixed Platforms.ActiveCfg = Debug|Any CPU
		{4E59A5E7-2423-49D2-9D0A-C5F16CC2622D}.Debug|Mixed Platforms.Build.0 = Debug|Any CPU
		{4E59A5E7-2423-49D2-9D0A-C5F16CC2622D}.Debug|x86.ActiveCfg = Debug|Any CPU
		{4E59A5E7-2423-49D2-9D0A-C5F16CC2622D}.Release|Any CPU.ActiveCfg = Release|Any CPU
		{4E59A5E7-2423-49D2-9D0A-C5F16CC2622D}.Release|Any CPU.Build.0 = Release|Any CPU
		{4E59A5E7-2423-49D2-9D0A-C5F16CC2622D}.Release|Mixed Platforms.ActiveCfg = Release|Any CPU
		{4E59A5E7-2423-49D2-9D0A-C5F16CC2622D}.Release|Mixed Platforms.Build.0 = Release|Any CPU
		{4E59A5E7-2423-49D2-9D0A-C5F16CC2622D}.Release|x86.ActiveCfg = Release|Any CPU
		{E1DCAF8C-0F03-4B1F-B6C0-8ED7B767CEA4}.Debug|Any CPU.ActiveCfg = Debug|Any CPU
		{E1DCAF8C-0F03-4B1F-B6C0-8ED7B767CEA4}.Debug|Any CPU.Build.0 = Debug|Any CPU
		{E1DCAF8C-0F03-4B1F-B6C0-8ED7B767CEA4}.Debug|Mixed Platforms.ActiveCfg = Debug|Any CPU
		{E1DCAF8C-0F03-4B1F-B6C0-8ED7B767CEA4}.Debug|Mixed Platforms.Build.0 = Debug|Any CPU
		{E1DCAF8C-0F03-4B1F-B6C0-8ED7B767CEA4}.Debug|x86.ActiveCfg = Debug|Any CPU
		{E1DCAF8C-0F03-4B1F-B6C0-8ED7B767CEA4}.Release|Any CPU.ActiveCfg = Release|Any CPU
		{E1DCAF8C-0F03-4B1F-B6C0-8ED7B767CEA4}.Release|Any CPU.Build.0 = Release|Any CPU
		{E1DCAF8C-0F03-4B1F-B6C0-8ED7B767CEA4}.Release|Mixed Platforms.ActiveCfg = Release|Any CPU
		{E1DCAF8C-0F03-4B1F-B6C0-8ED7B767CEA4}.Release|Mixed Platforms.Build.0 = Release|Any CPU
		{E1DCAF8C-0F03-4B1F-B6C0-8ED7B767CEA4}.Release|x86.ActiveCfg = Release|Any CPU
	EndGlobalSection
	GlobalSection(SolutionProperties) = preSolution
		HideSolutionNode = FALSE
	EndGlobalSection
EndGlobal
